
Microsoft Visual Studio Solution File, Format Version 12.00
# Visual Studio Version 16
VisualStudioVersion = 16.0.32126.315
MinimumVisualStudioVersion = 10.0.40219.1
Project("{FAE04EC0-301F-11D3-BF4B-00C04F79EFBC}") = "WpfAppTraining", "WpfAppTraining\WpfAppTraining.csproj", "{38C937D1-A6A2-4428-957E-F40E823F6395}"
EndProject
Project("{FAE04EC0-301F-11D3-BF4B-00C04F79EFBC}") = "MultiplicationLibrary", "MultiplicationLibrary\MultiplicationLibrary.csproj", "{CA56017C-5015-4DF4-B7C5-1D81CAC6D149}"
EndProject
Project("{FAE04EC0-301F-11D3-BF4B-00C04F79EFBC}") = "WpfControls", "WpfControls\WpfControls.csproj", "{0BB643B7-5316-49E2-B7B3-E44F25557921}"
EndProject
Project("{FAE04EC0-301F-11D3-BF4B-00C04F79EFBC}") = "WpfRoutedEvents", "WpfRoutedEvents\WpfRoutedEvents.csproj", "{B262E5AB-82CF-4AE7-855A-6BC483FA5462}"
EndProject
Project("{FAE04EC0-301F-11D3-BF4B-00C04F79EFBC}") = "WpfStyles", "WpfStyles\WpfStyles.csproj", "{A333A0A6-8407-43EF-B694-CC342EE120E3}"
EndProject
Global
	GlobalSection(SolutionConfigurationPlatforms) = preSolution
		Debug|Any CPU = Debug|Any CPU
		Release|Any CPU = Release|Any CPU
	EndGlobalSection
	GlobalSection(ProjectConfigurationPlatforms) = postSolution
		{38C937D1-A6A2-4428-957E-F40E823F6395}.Debug|Any CPU.ActiveCfg = Debug|Any CPU
		{38C937D1-A6A2-4428-957E-F40E823F6395}.Debug|Any CPU.Build.0 = Debug|Any CPU
		{38C937D1-A6A2-4428-957E-F40E823F6395}.Release|Any CPU.ActiveCfg = Release|Any CPU
		{38C937D1-A6A2-4428-957E-F40E823F6395}.Release|Any CPU.Build.0 = Release|Any CPU
		{CA56017C-5015-4DF4-B7C5-1D81CAC6D149}.Debug|Any CPU.ActiveCfg = Debug|Any CPU
		{CA56017C-5015-4DF4-B7C5-1D81CAC6D149}.Debug|Any CPU.Build.0 = Debug|Any CPU
		{CA56017C-5015-4DF4-B7C5-1D81CAC6D149}.Release|Any CPU.ActiveCfg = Release|Any CPU
		{CA56017C-5015-4DF4-B7C5-1D81CAC6D149}.Release|Any CPU.Build.0 = Release|Any CPU
		{0BB643B7-5316-49E2-B7B3-E44F25557921}.Debug|Any CPU.ActiveCfg = Debug|Any CPU
		{0BB643B7-5316-49E2-B7B3-E44F25557921}.Debug|Any CPU.Build.0 = Debug|Any CPU
		{0BB643B7-5316-49E2-B7B3-E44F25557921}.Release|Any CPU.ActiveCfg = Release|Any CPU
		{0BB643B7-5316-49E2-B7B3-E44F25557921}.Release|Any CPU.Build.0 = Release|Any CPU
		{B262E5AB-82CF-4AE7-855A-6BC483FA5462}.Debug|Any CPU.ActiveCfg = Debug|Any CPU
		{B262E5AB-82CF-4AE7-855A-6BC483FA5462}.Debug|Any CPU.Build.0 = Debug|Any CPU
		{B262E5AB-82CF-4AE7-855A-6BC483FA5462}.Release|Any CPU.ActiveCfg = Release|Any CPU
		{B262E5AB-82CF-4AE7-855A-6BC483FA5462}.Release|Any CPU.Build.0 = Release|Any CPU
		{A333A0A6-8407-43EF-B694-CC342EE120E3}.Debug|Any CPU.ActiveCfg = Debug|Any CPU
		{A333A0A6-8407-43EF-B694-CC342EE120E3}.Debug|Any CPU.Build.0 = Debug|Any CPU
		{A333A0A6-8407-43EF-B694-CC342EE120E3}.Release|Any CPU.ActiveCfg = Release|Any CPU
		{A333A0A6-8407-43EF-B694-CC342EE120E3}.Release|Any CPU.Build.0 = Release|Any CPU
	EndGlobalSection
	GlobalSection(SolutionProperties) = preSolution
		HideSolutionNode = FALSE
	EndGlobalSection
	GlobalSection(ExtensibilityGlobals) = postSolution
		SolutionGuid = {E954DA50-935F-41A7-B32F-00577829E8AD}
	EndGlobalSection
EndGlobal
